
Microsoft Visual Studio Solution File, Format Version 12.00
# Visual Studio Version 17
VisualStudioVersion = 17.8.34316.72
MinimumVisualStudioVersion = 10.0.40219.1
Project("{FAE04EC0-301F-11D3-BF4B-00C04F79EFBC}") = "StaragyExample", "StaragyExample.csproj", "{FA1A86AB-2D8D-41DF-A32D-4DFD58586061}"
EndProject
Global
	GlobalSection(SolutionConfigurationPlatforms) = preSolution
		Debug|Any CPU = Debug|Any CPU
		Release|Any CPU = Release|Any CPU
	EndGlobalSection
	GlobalSection(ProjectConfigurationPlatforms) = postSolution
		{FA1A86AB-2D8D-41DF-A32D-4DFD58586061}.Debug|Any CPU.ActiveCfg = Debug|Any CPU
		{FA1A86AB-2D8D-41DF-A32D-4DFD58586061}.Debug|Any CPU.Build.0 = Debug|Any CPU
		{FA1A86AB-2D8D-41DF-A32D-4DFD58586061}.Release|Any CPU.ActiveCfg = Release|Any CPU
		{FA1A86AB-2D8D-41DF-A32D-4DFD58586061}.Release|Any CPU.Build.0 = Release|Any CPU
	EndGlobalSection
	GlobalSection(SolutionProperties) = preSolution
		HideSolutionNode = FALSE
	EndGlobalSection
	GlobalSection(ExtensibilityGlobals) = postSolution
		SolutionGuid = {E96743B9-1EA9-465D-A00A-FC4FBB08CEFB}
	EndGlobalSection
EndGlobal
