
Microsoft Visual Studio Solution File, Format Version 12.00
# Visual Studio Version 17
VisualStudioVersion = 17.8.34316.72
MinimumVisualStudioVersion = 10.0.40219.1
Project("{FAE04EC0-301F-11D3-BF4B-00C04F79EFBC}") = "Decorator Example", "Decorator Example.csproj", "{71270E20-A244-47D1-9FF7-ABFE72EEB080}"
EndProject
Global
	GlobalSection(SolutionConfigurationPlatforms) = preSolution
		Debug|Any CPU = Debug|Any CPU
		Release|Any CPU = Release|Any CPU
	EndGlobalSection
	GlobalSection(ProjectConfigurationPlatforms) = postSolution
		{71270E20-A244-47D1-9FF7-ABFE72EEB080}.Debug|Any CPU.ActiveCfg = Debug|Any CPU
		{71270E20-A244-47D1-9FF7-ABFE72EEB080}.Debug|Any CPU.Build.0 = Debug|Any CPU
		{71270E20-A244-47D1-9FF7-ABFE72EEB080}.Release|Any CPU.ActiveCfg = Release|Any CPU
		{71270E20-A244-47D1-9FF7-ABFE72EEB080}.Release|Any CPU.Build.0 = Release|Any CPU
	EndGlobalSection
	GlobalSection(SolutionProperties) = preSolution
		HideSolutionNode = FALSE
	EndGlobalSection
	GlobalSection(ExtensibilityGlobals) = postSolution
		SolutionGuid = {DD580E00-1429-4495-91D0-679D0D608ABE}
	EndGlobalSection
EndGlobal
